
Microsoft Visual Studio Solution File, Format Version 12.00
# Visual Studio Version 17
VisualStudioVersion = 17.9.34728.123
MinimumVisualStudioVersion = 10.0.40219.1
Project("{9A19103F-16F7-4668-BE54-9A1E7A4F7556}") = "JsxClassLibrary", "..\JsxClassLibrary\JsxClassLibrary.csproj", "{4A6EFA25-0E75-4E4A-8D50-852D218261F2}"
EndProject
Project("{9A19103F-16F7-4668-BE54-9A1E7A4F7556}") = "JsxWebAPI", "..\JsxWebAPI\JsxWebAPI.csproj", "{5A6EFA25-0E75-4E4A-8D50-852D218261F2}"
EndProject
Project("{9A19103F-16F7-4668-BE54-9A1E7A4F7556}") = "JsxAngularCoreWebApiDemo.Server", "..\JsxAngularCoreWebApiDemo\JsxAngularCoreWebApiDemo.Server\JsxAngularCoreWebApiDemo.Server.csproj", "{55F01B89-68F7-49AE-A596-13ACDD8072AB}"
EndProject
Project("{9A19103F-16F7-4668-BE54-9A1E7A4F7556}") = "jsxangularcorewebapidemo.client", "..\JsxAngularCoreWebApiDemo\jsxangularcorewebapidemo.client\jsxangularcorewebapidemo.client.esproj", "{76CE7D36-9993-4200-8D4E-5713D480A0CE}"
EndProject
Project("{9A19103F-16F7-4668-BE54-9A1E7A4F7556}") = "JsxReactCoreWebApiDemo.Server", "..\JsxReactCoreWebApiDemo\JsxReactCoreWebApiDemo.Server\JsxReactCoreWebApiDemo.Server.csproj", "{B084F1AB-AADC-4036-AC79-5AA27C6D6864}"
EndProject
Project("{9A19103F-16F7-4668-BE54-9A1E7A4F7556}") = "jsxreactcorewebapidemo.client", "..\JsxReactCoreWebApiDemo\jsxreactcorewebapidemo.client\jsxreactcorewebapidemo.client.esproj", "{7D95AB6D-988B-4F1F-A742-5D46A7809705}"
EndProject
Project("{9A19103F-16F7-4668-BE54-9A1E7A4F7556}") = "JsxVueCoreWebApiDemo.Server", "..\JsxVueCoreWebApiDemo\JsxVueCoreWebApiDemo.Server\JsxVueCoreWebApiDemo.Server.csproj", "{E987A50E-B0EB-4123-8C9A-36D36BA30827}"
EndProject
Project("{9A19103F-16F7-4668-BE54-9A1E7A4F7556}") = "jsxvuecorewebapidemo.client", "..\JsxVueCoreWebApiDemo\jsxvuecorewebapidemo.client\jsxvuecorewebapidemo.client.esproj", "{1C69DABA-6A3E-4585-81F3-20B47713EDC1}"
EndProject
Project("{9A19103F-16F7-4668-BE54-9A1E7A4F7556}") = "JsxBlazorServerCoreWebApiDemo", "..\JsxBlazorServerCoreWebApiDemo\JsxBlazorServerCoreWebApiDemo.csproj", "{4250FF62-AD29-4127-B784-EF5CE4DAFA7C}"
EndProject
Project("{9A19103F-16F7-4668-BE54-9A1E7A4F7556}") = "jSilvestri2024WebApiDemoCollection", "jSilvestri2024WebApiDemoCollection.csproj", "{6FD598C3-B8B2-41B6-A876-680A8D3A7F4E}"
EndProject
Global
	GlobalSection(SolutionConfigurationPlatforms) = preSolution
		Debug|Any CPU = Debug|Any CPU
		Release|Any CPU = Release|Any CPU
	EndGlobalSection
	GlobalSection(ProjectConfigurationPlatforms) = postSolution
		{4A6EFA25-0E75-4E4A-8D50-852D218261F2}.Debug|Any CPU.ActiveCfg = Debug|Any CPU
		{4A6EFA25-0E75-4E4A-8D50-852D218261F2}.Debug|Any CPU.Build.0 = Debug|Any CPU
		{4A6EFA25-0E75-4E4A-8D50-852D218261F2}.Release|Any CPU.ActiveCfg = Release|Any CPU
		{4A6EFA25-0E75-4E4A-8D50-852D218261F2}.Release|Any CPU.Build.0 = Release|Any CPU
		{5A6EFA25-0E75-4E4A-8D50-852D218261F2}.Debug|Any CPU.ActiveCfg = Debug|Any CPU
		{5A6EFA25-0E75-4E4A-8D50-852D218261F2}.Debug|Any CPU.Build.0 = Debug|Any CPU
		{5A6EFA25-0E75-4E4A-8D50-852D218261F2}.Release|Any CPU.ActiveCfg = Release|Any CPU
		{5A6EFA25-0E75-4E4A-8D50-852D218261F2}.Release|Any CPU.Build.0 = Release|Any CPU
		{55F01B89-68F7-49AE-A596-13ACDD8072AB}.Debug|Any CPU.ActiveCfg = Debug|Any CPU
		{55F01B89-68F7-49AE-A596-13ACDD8072AB}.Debug|Any CPU.Build.0 = Debug|Any CPU
		{55F01B89-68F7-49AE-A596-13ACDD8072AB}.Release|Any CPU.ActiveCfg = Release|Any CPU
		{55F01B89-68F7-49AE-A596-13ACDD8072AB}.Release|Any CPU.Build.0 = Release|Any CPU
		{76CE7D36-9993-4200-8D4E-5713D480A0CE}.Debug|Any CPU.ActiveCfg = Debug|Any CPU
		{76CE7D36-9993-4200-8D4E-5713D480A0CE}.Debug|Any CPU.Build.0 = Debug|Any CPU
		{76CE7D36-9993-4200-8D4E-5713D480A0CE}.Debug|Any CPU.Deploy.0 = Debug|Any CPU
		{76CE7D36-9993-4200-8D4E-5713D480A0CE}.Release|Any CPU.ActiveCfg = Release|Any CPU
		{76CE7D36-9993-4200-8D4E-5713D480A0CE}.Release|Any CPU.Build.0 = Release|Any CPU
		{76CE7D36-9993-4200-8D4E-5713D480A0CE}.Release|Any CPU.Deploy.0 = Release|Any CPU
		{B084F1AB-AADC-4036-AC79-5AA27C6D6864}.Debug|Any CPU.ActiveCfg = Debug|Any CPU
		{B084F1AB-AADC-4036-AC79-5AA27C6D6864}.Debug|Any CPU.Build.0 = Debug|Any CPU
		{B084F1AB-AADC-4036-AC79-5AA27C6D6864}.Release|Any CPU.ActiveCfg = Release|Any CPU
		{B084F1AB-AADC-4036-AC79-5AA27C6D6864}.Release|Any CPU.Build.0 = Release|Any CPU
		{7D95AB6D-988B-4F1F-A742-5D46A7809705}.Debug|Any CPU.ActiveCfg = Debug|Any CPU
		{7D95AB6D-988B-4F1F-A742-5D46A7809705}.Debug|Any CPU.Build.0 = Debug|Any CPU
		{7D95AB6D-988B-4F1F-A742-5D46A7809705}.Debug|Any CPU.Deploy.0 = Debug|Any CPU
		{7D95AB6D-988B-4F1F-A742-5D46A7809705}.Release|Any CPU.ActiveCfg = Release|Any CPU
		{7D95AB6D-988B-4F1F-A742-5D46A7809705}.Release|Any CPU.Build.0 = Release|Any CPU
		{7D95AB6D-988B-4F1F-A742-5D46A7809705}.Release|Any CPU.Deploy.0 = Release|Any CPU
		{E987A50E-B0EB-4123-8C9A-36D36BA30827}.Debug|Any CPU.ActiveCfg = Debug|Any CPU
		{E987A50E-B0EB-4123-8C9A-36D36BA30827}.Debug|Any CPU.Build.0 = Debug|Any CPU
		{E987A50E-B0EB-4123-8C9A-36D36BA30827}.Release|Any CPU.ActiveCfg = Release|Any CPU
		{E987A50E-B0EB-4123-8C9A-36D36BA30827}.Release|Any CPU.Build.0 = Release|Any CPU
		{1C69DABA-6A3E-4585-81F3-20B47713EDC1}.Debug|Any CPU.ActiveCfg = Debug|Any CPU
		{1C69DABA-6A3E-4585-81F3-20B47713EDC1}.Debug|Any CPU.Build.0 = Debug|Any CPU
		{1C69DABA-6A3E-4585-81F3-20B47713EDC1}.Debug|Any CPU.Deploy.0 = Debug|Any CPU
		{1C69DABA-6A3E-4585-81F3-20B47713EDC1}.Release|Any CPU.ActiveCfg = Release|Any CPU
		{1C69DABA-6A3E-4585-81F3-20B47713EDC1}.Release|Any CPU.Build.0 = Release|Any CPU
		{1C69DABA-6A3E-4585-81F3-20B47713EDC1}.Release|Any CPU.Deploy.0 = Release|Any CPU
		{4250FF62-AD29-4127-B784-EF5CE4DAFA7C}.Debug|Any CPU.ActiveCfg = Debug|Any CPU
		{4250FF62-AD29-4127-B784-EF5CE4DAFA7C}.Debug|Any CPU.Build.0 = Debug|Any CPU
		{4250FF62-AD29-4127-B784-EF5CE4DAFA7C}.Release|Any CPU.ActiveCfg = Release|Any CPU
		{4250FF62-AD29-4127-B784-EF5CE4DAFA7C}.Release|Any CPU.Build.0 = Release|Any CPU
		{6FD598C3-B8B2-41B6-A876-680A8D3A7F4E}.Debug|Any CPU.ActiveCfg = Debug|Any CPU
		{6FD598C3-B8B2-41B6-A876-680A8D3A7F4E}.Debug|Any CPU.Build.0 = Debug|Any CPU
		{6FD598C3-B8B2-41B6-A876-680A8D3A7F4E}.Release|Any CPU.ActiveCfg = Release|Any CPU
		{6FD598C3-B8B2-41B6-A876-680A8D3A7F4E}.Release|Any CPU.Build.0 = Release|Any CPU
	EndGlobalSection
	GlobalSection(SolutionProperties) = preSolution
		HideSolutionNode = FALSE
	EndGlobalSection
	GlobalSection(ExtensibilityGlobals) = postSolution
		SolutionGuid = {B1369D8E-0899-4CC1-97CE-B5FE309AD776}
	EndGlobalSection
EndGlobal
